
Microsoft Visual Studio Solution File, Format Version 12.00
# Visual Studio Version 16
VisualStudioVersion = 16.0.30413.136
MinimumVisualStudioVersion = 10.0.40219.1
Project("{FAE04EC0-301F-11D3-BF4B-00C04F79EFBC}") = "Calculator.UWP", "Calculator\Calculator.UWP\Calculator.UWP.csproj", "{50959313-8546-41ED-83F0-78F9F29EC958}"
EndProject
Project("{FAE04EC0-301F-11D3-BF4B-00C04F79EFBC}") = "Calculator.Android", "Calculator\Calculator.Android\Calculator.Android.csproj", "{8B886354-BA5E-438F-A2ED-C7ADBB3E42F2}"
EndProject
Project("{FAE04EC0-301F-11D3-BF4B-00C04F79EFBC}") = "Calculator.iOS", "Calculator\Calculator.iOS\Calculator.iOS.csproj", "{BA9DCD72-CF1A-4902-B2AA-40DAD58A423E}"
EndProject
Project("{FAE04EC0-301F-11D3-BF4B-00C04F79EFBC}") = "Calculator", "Calculator\Calculator\Calculator.csproj", "{571C93E1-0F70-4BC8-A80B-877C75689ADF}"
EndProject
Global
	GlobalSection(SolutionConfigurationPlatforms) = preSolution
		Debug|Any CPU = Debug|Any CPU
		Debug|ARM = Debug|ARM
		Debug|iPhone = Debug|iPhone
		Debug|iPhoneSimulator = Debug|iPhoneSimulator
		Debug|x64 = Debug|x64
		Debug|x86 = Debug|x86
		Release|Any CPU = Release|Any CPU
		Release|ARM = Release|ARM
		Release|iPhone = Release|iPhone
		Release|iPhoneSimulator = Release|iPhoneSimulator
		Release|x64 = Release|x64
		Release|x86 = Release|x86
	EndGlobalSection
	GlobalSection(ProjectConfigurationPlatforms) = postSolution
		{50959313-8546-41ED-83F0-78F9F29EC958}.Debug|Any CPU.ActiveCfg = Debug|x86
		{50959313-8546-41ED-83F0-78F9F29EC958}.Debug|Any CPU.Build.0 = Debug|x86
		{50959313-8546-41ED-83F0-78F9F29EC958}.Debug|Any CPU.Deploy.0 = Debug|x86
		{50959313-8546-41ED-83F0-78F9F29EC958}.Debug|ARM.ActiveCfg = Debug|ARM
		{50959313-8546-41ED-83F0-78F9F29EC958}.Debug|ARM.Build.0 = Debug|ARM
		{50959313-8546-41ED-83F0-78F9F29EC958}.Debug|ARM.Deploy.0 = Debug|ARM
		{50959313-8546-41ED-83F0-78F9F29EC958}.Debug|iPhone.ActiveCfg = Debug|x86
		{50959313-8546-41ED-83F0-78F9F29EC958}.Debug|iPhone.Build.0 = Debug|x86
		{50959313-8546-41ED-83F0-78F9F29EC958}.Debug|iPhone.Deploy.0 = Debug|x86
		{50959313-8546-41ED-83F0-78F9F29EC958}.Debug|iPhoneSimulator.ActiveCfg = Debug|x86
		{50959313-8546-41ED-83F0-78F9F29EC958}.Debug|iPhoneSimulator.Build.0 = Debug|x86
		{50959313-8546-41ED-83F0-78F9F29EC958}.Debug|iPhoneSimulator.Deploy.0 = Debug|x86
		{50959313-8546-41ED-83F0-78F9F29EC958}.Debug|x64.ActiveCfg = Debug|x64
		{50959313-8546-41ED-83F0-78F9F29EC958}.Debug|x64.Build.0 = Debug|x64
		{50959313-8546-41ED-83F0-78F9F29EC958}.Debug|x64.Deploy.0 = Debug|x64
		{50959313-8546-41ED-83F0-78F9F29EC958}.Debug|x86.ActiveCfg = Debug|x86
		{50959313-8546-41ED-83F0-78F9F29EC958}.Debug|x86.Build.0 = Debug|x86
		{50959313-8546-41ED-83F0-78F9F29EC958}.Debug|x86.Deploy.0 = Debug|x86
		{50959313-8546-41ED-83F0-78F9F29EC958}.Release|Any CPU.ActiveCfg = Release|x86
		{50959313-8546-41ED-83F0-78F9F29EC958}.Release|Any CPU.Build.0 = Release|x86
		{50959313-8546-41ED-83F0-78F9F29EC958}.Release|Any CPU.Deploy.0 = Release|x86
		{50959313-8546-41ED-83F0-78F9F29EC958}.Release|ARM.ActiveCfg = Release|ARM
		{50959313-8546-41ED-83F0-78F9F29EC958}.Release|ARM.Build.0 = Release|ARM
		{50959313-8546-41ED-83F0-78F9F29EC958}.Release|ARM.Deploy.0 = Release|ARM
		{50959313-8546-41ED-83F0-78F9F29EC958}.Release|iPhone.ActiveCfg = Release|x86
		{50959313-8546-41ED-83F0-78F9F29EC958}.Release|iPhone.Build.0 = Release|x86
		{50959313-8546-41ED-83F0-78F9F29EC958}.Release|iPhone.Deploy.0 = Release|x86
		{50959313-8546-41ED-83F0-78F9F29EC958}.Release|iPhoneSimulator.ActiveCfg = Release|x86
		{50959313-8546-41ED-83F0-78F9F29EC958}.Release|iPhoneSimulator.Build.0 = Release|x86
		{50959313-8546-41ED-83F0-78F9F29EC958}.Release|iPhoneSimulator.Deploy.0 = Release|x86
		{50959313-8546-41ED-83F0-78F9F29EC958}.Release|x64.ActiveCfg = Release|x64
		{50959313-8546-41ED-83F0-78F9F29EC958}.Release|x64.Build.0 = Release|x64
		{50959313-8546-41ED-83F0-78F9F29EC958}.Release|x64.Deploy.0 = Release|x64
		{50959313-8546-41ED-83F0-78F9F29EC958}.Release|x86.ActiveCfg = Release|x86
		{50959313-8546-41ED-83F0-78F9F29EC958}.Release|x86.Build.0 = Release|x86
		{50959313-8546-41ED-83F0-78F9F29EC958}.Release|x86.Deploy.0 = Release|x86
		{8B886354-BA5E-438F-A2ED-C7ADBB3E42F2}.Debug|Any CPU.ActiveCfg = Debug|Any CPU
		{8B886354-BA5E-438F-A2ED-C7ADBB3E42F2}.Debug|Any CPU.Build.0 = Debug|Any CPU
		{8B886354-BA5E-438F-A2ED-C7ADBB3E42F2}.Debug|Any CPU.Deploy.0 = Debug|Any CPU
		{8B886354-BA5E-438F-A2ED-C7ADBB3E42F2}.Debug|ARM.ActiveCfg = Debug|Any CPU
		{8B886354-BA5E-438F-A2ED-C7ADBB3E42F2}.Debug|ARM.Build.0 = Debug|Any CPU
		{8B886354-BA5E-438F-A2ED-C7ADBB3E42F2}.Debug|ARM.Deploy.0 = Debug|Any CPU
		{8B886354-BA5E-438F-A2ED-C7ADBB3E42F2}.Debug|iPhone.ActiveCfg = Debug|Any CPU
		{8B886354-BA5E-438F-A2ED-C7ADBB3E42F2}.Debug|iPhone.Build.0 = Debug|Any CPU
		{8B886354-BA5E-438F-A2ED-C7ADBB3E42F2}.Debug|iPhone.Deploy.0 = Debug|Any CPU
		{8B886354-BA5E-438F-A2ED-C7ADBB3E42F2}.Debug|iPhoneSimulator.ActiveCfg = Debug|Any CPU
		{8B886354-BA5E-438F-A2ED-C7ADBB3E42F2}.Debug|iPhoneSimulator.Build.0 = Debug|Any CPU
		{8B886354-BA5E-438F-A2ED-C7ADBB3E42F2}.Debug|iPhoneSimulator.Deploy.0 = Debug|Any CPU
		{8B886354-BA5E-438F-A2ED-C7ADBB3E42F2}.Debug|x64.ActiveCfg = Debug|Any CPU
		{8B886354-BA5E-438F-A2ED-C7ADBB3E42F2}.Debug|x64.Build.0 = Debug|Any CPU
		{8B886354-BA5E-438F-A2ED-C7ADBB3E42F2}.Debug|x64.Deploy.0 = Debug|Any CPU
		{8B886354-BA5E-438F-A2ED-C7ADBB3E42F2}.Debug|x86.ActiveCfg = Debug|Any CPU
		{8B886354-BA5E-438F-A2ED-C7ADBB3E42F2}.Debug|x86.Build.0 = Debug|Any CPU
		{8B886354-BA5E-438F-A2ED-C7ADBB3E42F2}.Debug|x86.Deploy.0 = Debug|Any CPU
		{8B886354-BA5E-438F-A2ED-C7ADBB3E42F2}.Release|Any CPU.ActiveCfg = Release|Any CPU
		{8B886354-BA5E-438F-A2ED-C7ADBB3E42F2}.Release|Any CPU.Build.0 = Release|Any CPU
		{8B886354-BA5E-438F-A2ED-C7ADBB3E42F2}.Release|Any CPU.Deploy.0 = Release|Any CPU
		{8B886354-BA5E-438F-A2ED-C7ADBB3E42F2}.Release|ARM.ActiveCfg = Release|Any CPU
		{8B886354-BA5E-438F-A2ED-C7ADBB3E42F2}.Release|ARM.Build.0 = Release|Any CPU
		{8B886354-BA5E-438F-A2ED-C7ADBB3E42F2}.Release|ARM.Deploy.0 = Release|Any CPU
		{8B886354-BA5E-438F-A2ED-C7ADBB3E42F2}.Release|iPhone.ActiveCfg = Release|Any CPU
		{8B886354-BA5E-438F-A2ED-C7ADBB3E42F2}.Release|iPhone.Build.0 = Release|Any CPU
		{8B886354-BA5E-438F-A2ED-C7ADBB3E42F2}.Release|iPhone.Deploy.0 = Release|Any CPU
		{8B886354-BA5E-438F-A2ED-C7ADBB3E42F2}.Release|iPhoneSimulator.ActiveCfg = Release|Any CPU
		{8B886354-BA5E-438F-A2ED-C7ADBB3E42F2}.Release|iPhoneSimulator.Build.0 = Release|Any CPU
		{8B886354-BA5E-438F-A2ED-C7ADBB3E42F2}.Release|iPhoneSimulator.Deploy.0 = Release|Any CPU
		{8B886354-BA5E-438F-A2ED-C7ADBB3E42F2}.Release|x64.ActiveCfg = Release|Any CPU
		{8B886354-BA5E-438F-A2ED-C7ADBB3E42F2}.Release|x64.Build.0 = Release|Any CPU
		{8B886354-BA5E-438F-A2ED-C7ADBB3E42F2}.Release|x64.Deploy.0 = Release|Any CPU
		{8B886354-BA5E-438F-A2ED-C7ADBB3E42F2}.Release|x86.ActiveCfg = Release|Any CPU
		{8B886354-BA5E-438F-A2ED-C7ADBB3E42F2}.Release|x86.Build.0 = Release|Any CPU
		{8B886354-BA5E-438F-A2ED-C7ADBB3E42F2}.Release|x86.Deploy.0 = Release|Any CPU
		{BA9DCD72-CF1A-4902-B2AA-40DAD58A423E}.Debug|Any CPU.ActiveCfg = Debug|iPhone
		{BA9DCD72-CF1A-4902-B2AA-40DAD58A423E}.Debug|Any CPU.Build.0 = Debug|iPhone
		{BA9DCD72-CF1A-4902-B2AA-40DAD58A423E}.Debug|Any CPU.Deploy.0 = Debug|iPhone
		{BA9DCD72-CF1A-4902-B2AA-40DAD58A423E}.Debug|ARM.ActiveCfg = Debug|iPhone
		{BA9DCD72-CF1A-4902-B2AA-40DAD58A423E}.Debug|ARM.Build.0 = Debug|iPhone
		{BA9DCD72-CF1A-4902-B2AA-40DAD58A423E}.Debug|ARM.Deploy.0 = Debug|iPhone
		{BA9DCD72-CF1A-4902-B2AA-40DAD58A423E}.Debug|iPhone.ActiveCfg = Debug|iPhone
		{BA9DCD72-CF1A-4902-B2AA-40DAD58A423E}.Debug|iPhone.Build.0 = Debug|iPhone
		{BA9DCD72-CF1A-4902-B2AA-40DAD58A423E}.Debug|iPhone.Deploy.0 = Debug|iPhone
		{BA9DCD72-CF1A-4902-B2AA-40DAD58A423E}.Debug|iPhoneSimulator.ActiveCfg = Debug|iPhoneSimulator
		{BA9DCD72-CF1A-4902-B2AA-40DAD58A423E}.Debug|iPhoneSimulator.Build.0 = Debug|iPhoneSimulator
		{BA9DCD72-CF1A-4902-B2AA-40DAD58A423E}.Debug|iPhoneSimulator.Deploy.0 = Debug|iPhoneSimulator
		{BA9DCD72-CF1A-4902-B2AA-40DAD58A423E}.Debug|x64.ActiveCfg = Debug|iPhone
		{BA9DCD72-CF1A-4902-B2AA-40DAD58A423E}.Debug|x64.Build.0 = Debug|iPhone
		{BA9DCD72-CF1A-4902-B2AA-40DAD58A423E}.Debug|x64.Deploy.0 = Debug|iPhone
		{BA9DCD72-CF1A-4902-B2AA-40DAD58A423E}.Debug|x86.ActiveCfg = Debug|iPhone
		{BA9DCD72-CF1A-4902-B2AA-40DAD58A423E}.Debug|x86.Build.0 = Debug|iPhone
		{BA9DCD72-CF1A-4902-B2AA-40DAD58A423E}.Debug|x86.Deploy.0 = Debug|iPhone
		{BA9DCD72-CF1A-4902-B2AA-40DAD58A423E}.Release|Any CPU.ActiveCfg = Release|iPhone
		{BA9DCD72-CF1A-4902-B2AA-40DAD58A423E}.Release|Any CPU.Build.0 = Release|iPhone
		{BA9DCD72-CF1A-4902-B2AA-40DAD58A423E}.Release|Any CPU.Deploy.0 = Release|iPhone
		{BA9DCD72-CF1A-4902-B2AA-40DAD58A423E}.Release|ARM.ActiveCfg = Release|iPhone
		{BA9DCD72-CF1A-4902-B2AA-40DAD58A423E}.Release|ARM.Build.0 = Release|iPhone
		{BA9DCD72-CF1A-4902-B2AA-40DAD58A423E}.Release|ARM.Deploy.0 = Release|iPhone
		{BA9DCD72-CF1A-4902-B2AA-40DAD58A423E}.Release|iPhone.ActiveCfg = Release|iPhone
		{BA9DCD72-CF1A-4902-B2AA-40DAD58A423E}.Release|iPhone.Build.0 = Release|iPhone
		{BA9DCD72-CF1A-4902-B2AA-40DAD58A423E}.Release|iPhone.Deploy.0 = Release|iPhone
		{BA9DCD72-CF1A-4902-B2AA-40DAD58A423E}.Release|iPhoneSimulator.ActiveCfg = Release|iPhoneSimulator
		{BA9DCD72-CF1A-4902-B2AA-40DAD58A423E}.Release|iPhoneSimulator.Build.0 = Release|iPhoneSimulator
		{BA9DCD72-CF1A-4902-B2AA-40DAD58A423E}.Release|iPhoneSimulator.Deploy.0 = Release|iPhoneSimulator
		{BA9DCD72-CF1A-4902-B2AA-40DAD58A423E}.Release|x64.ActiveCfg = Release|iPhone
		{BA9DCD72-CF1A-4902-B2AA-40DAD58A423E}.Release|x64.Build.0 = Release|iPhone
		{BA9DCD72-CF1A-4902-B2AA-40DAD58A423E}.Release|x64.Deploy.0 = Release|iPhone
		{BA9DCD72-CF1A-4902-B2AA-40DAD58A423E}.Release|x86.ActiveCfg = Release|iPhone
		{BA9DCD72-CF1A-4902-B2AA-40DAD58A423E}.Release|x86.Build.0 = Release|iPhone
		{BA9DCD72-CF1A-4902-B2AA-40DAD58A423E}.Release|x86.Deploy.0 = Release|iPhone
		{571C93E1-0F70-4BC8-A80B-877C75689ADF}.Debug|Any CPU.ActiveCfg = Debug|Any CPU
		{571C93E1-0F70-4BC8-A80B-877C75689ADF}.Debug|Any CPU.Build.0 = Debug|Any CPU
		{571C93E1-0F70-4BC8-A80B-877C75689ADF}.Debug|Any CPU.Deploy.0 = Debug|Any CPU
		{571C93E1-0F70-4BC8-A80B-877C75689ADF}.Debug|ARM.ActiveCfg = Debug|Any CPU
		{571C93E1-0F70-4BC8-A80B-877C75689ADF}.Debug|ARM.Build.0 = Debug|Any CPU
		{571C93E1-0F70-4BC8-A80B-877C75689ADF}.Debug|ARM.Deploy.0 = Debug|Any CPU
		{571C93E1-0F70-4BC8-A80B-877C75689ADF}.Debug|iPhone.ActiveCfg = Debug|Any CPU
		{571C93E1-0F70-4BC8-A80B-877C75689ADF}.Debug|iPhone.Build.0 = Debug|Any CPU
		{571C93E1-0F70-4BC8-A80B-877C75689ADF}.Debug|iPhone.Deploy.0 = Debug|Any CPU
		{571C93E1-0F70-4BC8-A80B-877C75689ADF}.Debug|iPhoneSimulator.ActiveCfg = Debug|Any CPU
		{571C93E1-0F70-4BC8-A80B-877C75689ADF}.Debug|iPhoneSimulator.Build.0 = Debug|Any CPU
		{571C93E1-0F70-4BC8-A80B-877C75689ADF}.Debug|iPhoneSimulator.Deploy.0 = Debug|Any CPU
		{571C93E1-0F70-4BC8-A80B-877C75689ADF}.Debug|x64.ActiveCfg = Debug|Any CPU
		{571C93E1-0F70-4BC8-A80B-877C75689ADF}.Debug|x64.Build.0 = Debug|Any CPU
		{571C93E1-0F70-4BC8-A80B-877C75689ADF}.Debug|x64.Deploy.0 = Debug|Any CPU
		{571C93E1-0F70-4BC8-A80B-877C75689ADF}.Debug|x86.ActiveCfg = Debug|Any CPU
		{571C93E1-0F70-4BC8-A80B-877C75689ADF}.Debug|x86.Build.0 = Debug|Any CPU
		{571C93E1-0F70-4BC8-A80B-877C75689ADF}.Debug|x86.Deploy.0 = Debug|Any CPU
		{571C93E1-0F70-4BC8-A80B-877C75689ADF}.Release|Any CPU.ActiveCfg = Release|Any CPU
		{571C93E1-0F70-4BC8-A80B-877C75689ADF}.Release|Any CPU.Build.0 = Release|Any CPU
		{571C93E1-0F70-4BC8-A80B-877C75689ADF}.Release|Any CPU.Deploy.0 = Release|Any CPU
		{571C93E1-0F70-4BC8-A80B-877C75689ADF}.Release|ARM.ActiveCfg = Release|Any CPU
		{571C93E1-0F70-4BC8-A80B-877C75689ADF}.Release|ARM.Build.0 = Release|Any CPU
		{571C93E1-0F70-4BC8-A80B-877C75689ADF}.Release|ARM.Deploy.0 = Release|Any CPU
		{571C93E1-0F70-4BC8-A80B-877C75689ADF}.Release|iPhone.ActiveCfg = Release|Any CPU
		{571C93E1-0F70-4BC8-A80B-877C75689ADF}.Release|iPhone.Build.0 = Release|Any CPU
		{571C93E1-0F70-4BC8-A80B-877C75689ADF}.Release|iPhone.Deploy.0 = Release|Any CPU
		{571C93E1-0F70-4BC8-A80B-877C75689ADF}.Release|iPhoneSimulator.ActiveCfg = Release|Any CPU
		{571C93E1-0F70-4BC8-A80B-877C75689ADF}.Release|iPhoneSimulator.Build.0 = Release|Any CPU
		{571C93E1-0F70-4BC8-A80B-877C75689ADF}.Release|iPhoneSimulator.Deploy.0 = Release|Any CPU
		{571C93E1-0F70-4BC8-A80B-877C75689ADF}.Release|x64.ActiveCfg = Release|Any CPU
		{571C93E1-0F70-4BC8-A80B-877C75689ADF}.Release|x64.Build.0 = Release|Any CPU
		{571C93E1-0F70-4BC8-A80B-877C75689ADF}.Release|x64.Deploy.0 = Release|Any CPU
		{571C93E1-0F70-4BC8-A80B-877C75689ADF}.Release|x86.ActiveCfg = Release|Any CPU
		{571C93E1-0F70-4BC8-A80B-877C75689ADF}.Release|x86.Build.0 = Release|Any CPU
		{571C93E1-0F70-4BC8-A80B-877C75689ADF}.Release|x86.Deploy.0 = Release|Any CPU
	EndGlobalSection
	GlobalSection(SolutionProperties) = preSolution
		HideSolutionNode = FALSE
	EndGlobalSection
	GlobalSection(ExtensibilityGlobals) = postSolution
		SolutionGuid = {CAD66D3A-648E-49CF-8104-4E68F5CEA114}
	EndGlobalSection
EndGlobal
